
Microsoft Visual Studio Solution File, Format Version 12.00
# Visual Studio Version 16
VisualStudioVersion = 16.0.28917.181
MinimumVisualStudioVersion = 10.0.40219.1
Project("{FAE04EC0-301F-11D3-BF4B-00C04F79EFBC}") = "ParserUtil", "ParserUtil\ParserUtil.csproj", "{F76351BC-15C7-47D4-BFC5-08F7DAD11D41}"
EndProject
Project("{FAE04EC0-301F-11D3-BF4B-00C04F79EFBC}") = "KeyWordParser", "KeyWordParser\KeyWordParser.csproj", "{FD54FE0F-7563-4483-92FA-0A1846693208}"
EndProject
Project("{FAE04EC0-301F-11D3-BF4B-00C04F79EFBC}") = "ParserTest", "ParserTest\ParserTest.csproj", "{77C5EF80-E390-4991-AE5D-792F65A9AE8C}"
EndProject
Global
	GlobalSection(SolutionConfigurationPlatforms) = preSolution
		Debug|Any CPU = Debug|Any CPU
		Release|Any CPU = Release|Any CPU
	EndGlobalSection
	GlobalSection(ProjectConfigurationPlatforms) = postSolution
		{F76351BC-15C7-47D4-BFC5-08F7DAD11D41}.Debug|Any CPU.ActiveCfg = Debug|Any CPU
		{F76351BC-15C7-47D4-BFC5-08F7DAD11D41}.Debug|Any CPU.Build.0 = Debug|Any CPU
		{F76351BC-15C7-47D4-BFC5-08F7DAD11D41}.Release|Any CPU.ActiveCfg = Release|Any CPU
		{F76351BC-15C7-47D4-BFC5-08F7DAD11D41}.Release|Any CPU.Build.0 = Release|Any CPU
		{FD54FE0F-7563-4483-92FA-0A1846693208}.Debug|Any CPU.ActiveCfg = Debug|Any CPU
		{FD54FE0F-7563-4483-92FA-0A1846693208}.Debug|Any CPU.Build.0 = Debug|Any CPU
		{FD54FE0F-7563-4483-92FA-0A1846693208}.Release|Any CPU.ActiveCfg = Release|Any CPU
		{FD54FE0F-7563-4483-92FA-0A1846693208}.Release|Any CPU.Build.0 = Release|Any CPU
		{77C5EF80-E390-4991-AE5D-792F65A9AE8C}.Debug|Any CPU.ActiveCfg = Debug|Any CPU
		{77C5EF80-E390-4991-AE5D-792F65A9AE8C}.Debug|Any CPU.Build.0 = Debug|Any CPU
		{77C5EF80-E390-4991-AE5D-792F65A9AE8C}.Release|Any CPU.ActiveCfg = Release|Any CPU
		{77C5EF80-E390-4991-AE5D-792F65A9AE8C}.Release|Any CPU.Build.0 = Release|Any CPU
	EndGlobalSection
	GlobalSection(SolutionProperties) = preSolution
		HideSolutionNode = FALSE
	EndGlobalSection
	GlobalSection(ExtensibilityGlobals) = postSolution
		SolutionGuid = {6CF43199-4A22-4D06-9845-4A95A8689B5E}
	EndGlobalSection
EndGlobal
